
Microsoft Visual Studio Solution File, Format Version 12.00
# Visual Studio Version 17
VisualStudioVersion = 17.5.33424.131
MinimumVisualStudioVersion = 10.0.40219.1
Project("{FAE04EC0-301F-11D3-BF4B-00C04F79EFBC}") = "TaskOne", "TaskOne\TaskOne.csproj", "{82E47A75-56E6-4BB0-9F4A-EF16293C4AAB}"
EndProject
Project("{FAE04EC0-301F-11D3-BF4B-00C04F79EFBC}") = "TaskTwo", "TaskTwo\TaskTwo.csproj", "{C8930BFE-B4F2-45ED-8586-AFE78643BB11}"
EndProject
Project("{FAE04EC0-301F-11D3-BF4B-00C04F79EFBC}") = "TaskThree", "TaskThree\TaskThree.csproj", "{80CDEFBC-8122-4049-99E6-C13B91BC9E5D}"
EndProject
Global
	GlobalSection(SolutionConfigurationPlatforms) = preSolution
		Debug|Any CPU = Debug|Any CPU
		Release|Any CPU = Release|Any CPU
	EndGlobalSection
	GlobalSection(ProjectConfigurationPlatforms) = postSolution
		{82E47A75-56E6-4BB0-9F4A-EF16293C4AAB}.Debug|Any CPU.ActiveCfg = Debug|Any CPU
		{82E47A75-56E6-4BB0-9F4A-EF16293C4AAB}.Debug|Any CPU.Build.0 = Debug|Any CPU
		{82E47A75-56E6-4BB0-9F4A-EF16293C4AAB}.Release|Any CPU.ActiveCfg = Release|Any CPU
		{82E47A75-56E6-4BB0-9F4A-EF16293C4AAB}.Release|Any CPU.Build.0 = Release|Any CPU
		{C8930BFE-B4F2-45ED-8586-AFE78643BB11}.Debug|Any CPU.ActiveCfg = Debug|Any CPU
		{C8930BFE-B4F2-45ED-8586-AFE78643BB11}.Debug|Any CPU.Build.0 = Debug|Any CPU
		{C8930BFE-B4F2-45ED-8586-AFE78643BB11}.Release|Any CPU.ActiveCfg = Release|Any CPU
		{C8930BFE-B4F2-45ED-8586-AFE78643BB11}.Release|Any CPU.Build.0 = Release|Any CPU
		{80CDEFBC-8122-4049-99E6-C13B91BC9E5D}.Debug|Any CPU.ActiveCfg = Debug|Any CPU
		{80CDEFBC-8122-4049-99E6-C13B91BC9E5D}.Debug|Any CPU.Build.0 = Debug|Any CPU
		{80CDEFBC-8122-4049-99E6-C13B91BC9E5D}.Release|Any CPU.ActiveCfg = Release|Any CPU
		{80CDEFBC-8122-4049-99E6-C13B91BC9E5D}.Release|Any CPU.Build.0 = Release|Any CPU
	EndGlobalSection
	GlobalSection(SolutionProperties) = preSolution
		HideSolutionNode = FALSE
	EndGlobalSection
	GlobalSection(ExtensibilityGlobals) = postSolution
		SolutionGuid = {EF0DBA4A-345F-434F-B350-5BD3AA39D92A}
	EndGlobalSection
EndGlobal
